
Microsoft Visual Studio Solution File, Format Version 12.00
# Visual Studio 15
VisualStudioVersion = 15.0.28307.271
MinimumVisualStudioVersion = 10.0.40219.1
Project("{FAE04EC0-301F-11D3-BF4B-00C04F79EFBC}") = "Program1", "Program1\Program1.csproj", "{C0BCA878-5A8E-455D-A9E2-8B2FC24BD52B}"
EndProject
Global
	GlobalSection(SolutionConfigurationPlatforms) = preSolution
		Debug|Any CPU = Debug|Any CPU
		Release|Any CPU = Release|Any CPU
	EndGlobalSection
	GlobalSection(ProjectConfigurationPlatforms) = postSolution
		{C0BCA878-5A8E-455D-A9E2-8B2FC24BD52B}.Debug|Any CPU.ActiveCfg = Debug|Any CPU
		{C0BCA878-5A8E-455D-A9E2-8B2FC24BD52B}.Debug|Any CPU.Build.0 = Debug|Any CPU
		{C0BCA878-5A8E-455D-A9E2-8B2FC24BD52B}.Release|Any CPU.ActiveCfg = Release|Any CPU
		{C0BCA878-5A8E-455D-A9E2-8B2FC24BD52B}.Release|Any CPU.Build.0 = Release|Any CPU
	EndGlobalSection
	GlobalSection(SolutionProperties) = preSolution
		HideSolutionNode = FALSE
	EndGlobalSection
	GlobalSection(ExtensibilityGlobals) = postSolution
		SolutionGuid = {60EE7E3D-F82E-44BD-A155-D352AFD23557}
	EndGlobalSection
EndGlobal
