
Microsoft Visual Studio Solution File, Format Version 12.00
# Visual Studio 15
VisualStudioVersion = 15.0.28307.271
MinimumVisualStudioVersion = 10.0.40219.1
Project("{FAE04EC0-301F-11D3-BF4B-00C04F79EFBC}") = "Lab8", "Lab8\Lab8.csproj", "{1003F4A0-4AFB-42DE-8C53-28BEF3FA1800}"
EndProject
Global
	GlobalSection(SolutionConfigurationPlatforms) = preSolution
		Debug|Any CPU = Debug|Any CPU
		Release|Any CPU = Release|Any CPU
	EndGlobalSection
	GlobalSection(ProjectConfigurationPlatforms) = postSolution
		{1003F4A0-4AFB-42DE-8C53-28BEF3FA1800}.Debug|Any CPU.ActiveCfg = Debug|Any CPU
		{1003F4A0-4AFB-42DE-8C53-28BEF3FA1800}.Debug|Any CPU.Build.0 = Debug|Any CPU
		{1003F4A0-4AFB-42DE-8C53-28BEF3FA1800}.Release|Any CPU.ActiveCfg = Release|Any CPU
		{1003F4A0-4AFB-42DE-8C53-28BEF3FA1800}.Release|Any CPU.Build.0 = Release|Any CPU
	EndGlobalSection
	GlobalSection(SolutionProperties) = preSolution
		HideSolutionNode = FALSE
	EndGlobalSection
	GlobalSection(ExtensibilityGlobals) = postSolution
		SolutionGuid = {7132BB45-DB3B-4D64-BFF7-C86886F14ACA}
	EndGlobalSection
EndGlobal
