
Microsoft Visual Studio Solution File, Format Version 12.00
# Visual Studio 15
VisualStudioVersion = 15.0.28307.271
MinimumVisualStudioVersion = 10.0.40219.1
Project("{FAE04EC0-301F-11D3-BF4B-00C04F79EFBC}") = "DebugTwo3", "DebugTwo3\DebugTwo3.csproj", "{5A4BE3EF-28BE-4914-B5F4-605BC1EB703F}"
EndProject
Global
	GlobalSection(SolutionConfigurationPlatforms) = preSolution
		Debug|Any CPU = Debug|Any CPU
		Release|Any CPU = Release|Any CPU
	EndGlobalSection
	GlobalSection(ProjectConfigurationPlatforms) = postSolution
		{5A4BE3EF-28BE-4914-B5F4-605BC1EB703F}.Debug|Any CPU.ActiveCfg = Debug|Any CPU
		{5A4BE3EF-28BE-4914-B5F4-605BC1EB703F}.Debug|Any CPU.Build.0 = Debug|Any CPU
		{5A4BE3EF-28BE-4914-B5F4-605BC1EB703F}.Release|Any CPU.ActiveCfg = Release|Any CPU
		{5A4BE3EF-28BE-4914-B5F4-605BC1EB703F}.Release|Any CPU.Build.0 = Release|Any CPU
	EndGlobalSection
	GlobalSection(SolutionProperties) = preSolution
		HideSolutionNode = FALSE
	EndGlobalSection
	GlobalSection(ExtensibilityGlobals) = postSolution
		SolutionGuid = {F097E623-EAB5-4706-B252-BDAB03D2BACB}
	EndGlobalSection
EndGlobal
