
Microsoft Visual Studio Solution File, Format Version 12.00
# Visual Studio 15
VisualStudioVersion = 15.0.28307.271
MinimumVisualStudioVersion = 10.0.40219.1
Project("{FAE04EC0-301F-11D3-BF4B-00C04F79EFBC}") = "Lab4", "Lab4\Lab4.csproj", "{1676C0BA-F12B-4EAC-B186-ECBCB4EEB520}"
EndProject
Global
	GlobalSection(SolutionConfigurationPlatforms) = preSolution
		Debug|Any CPU = Debug|Any CPU
		Release|Any CPU = Release|Any CPU
	EndGlobalSection
	GlobalSection(ProjectConfigurationPlatforms) = postSolution
		{1676C0BA-F12B-4EAC-B186-ECBCB4EEB520}.Debug|Any CPU.ActiveCfg = Debug|Any CPU
		{1676C0BA-F12B-4EAC-B186-ECBCB4EEB520}.Debug|Any CPU.Build.0 = Debug|Any CPU
		{1676C0BA-F12B-4EAC-B186-ECBCB4EEB520}.Release|Any CPU.ActiveCfg = Release|Any CPU
		{1676C0BA-F12B-4EAC-B186-ECBCB4EEB520}.Release|Any CPU.Build.0 = Release|Any CPU
	EndGlobalSection
	GlobalSection(SolutionProperties) = preSolution
		HideSolutionNode = FALSE
	EndGlobalSection
	GlobalSection(ExtensibilityGlobals) = postSolution
		SolutionGuid = {147B5AC5-8D43-40C4-8465-AD95A5E4180A}
	EndGlobalSection
EndGlobal
